github.com/iancoleman/strcase v0.2.0 h1:05I4QRnGpI0m37iZQRuskXh+w77mr6Z41lwQzuHLwW0=
github.com/iancoleman/strcase v0.2.0/go.mod h1:iwCmte+B7n89clKwxIoIXy/HfoL7AsD47ZCWhYzw7ho=
github.com/jinzhu/copier v0.3.5 h1:GlvfUwHk62RokgqVNvYsku0TATCF7bAHVwEXoBh3iJg=
github.com/jinzhu/copier v0.3.5/go.mod h1:DfbEm0FYsaqBcKcFuvmOZb218JkPGtvSHsKg8S8hyyg=
github.com/xwb1989/sqlparser v0.0.0-20180606152119-120387863bf2 h1:zzrxE1FKn5ryBNl9eKOeqQ58Y/Qpo3Q9QNxKHX5uzzQ=
github.com/xwb1989/sqlparser v0.0.0-20180606152119-120387863bf2/go.mod h1:hzfGeIUDq/j97IG+FhNqkowIyEcD88LrW6fyU3K3WqY=
